
Microsoft Visual Studio Solution File, Format Version 12.00
# Visual Studio 15
VisualStudioVersion = 15.0.27130.2026
MinimumVisualStudioVersion = 10.0.40219.1
Project("{FAE04EC0-301F-11D3-BF4B-00C04F79EFBC}") = "Drips", "Drips\Drips.csproj", "{A581CB14-00F1-43F7-995E-2B6E98FDAB1E}"
EndProject
Global
	GlobalSection(SolutionConfigurationPlatforms) = preSolution
		Debug|Any CPU = Debug|Any CPU
		Release|Any CPU = Release|Any CPU
	EndGlobalSection
	GlobalSection(ProjectConfigurationPlatforms) = postSolution
		{A581CB14-00F1-43F7-995E-2B6E98FDAB1E}.Debug|Any CPU.ActiveCfg = Debug|Any CPU
		{A581CB14-00F1-43F7-995E-2B6E98FDAB1E}.Debug|Any CPU.Build.0 = Debug|Any CPU
		{A581CB14-00F1-43F7-995E-2B6E98FDAB1E}.Release|Any CPU.ActiveCfg = Release|Any CPU
		{A581CB14-00F1-43F7-995E-2B6E98FDAB1E}.Release|Any CPU.Build.0 = Release|Any CPU
	EndGlobalSection
	GlobalSection(SolutionProperties) = preSolution
		HideSolutionNode = FALSE
	EndGlobalSection
	GlobalSection(ExtensibilityGlobals) = postSolution
		SolutionGuid = {426083DF-3CD2-41A5-B096-64BFFD669E3B}
	EndGlobalSection
EndGlobal
